
Microsoft Visual Studio Solution File, Format Version 12.00
# Visual Studio Version 17
VisualStudioVersion = 17.7.34024.191
MinimumVisualStudioVersion = 10.0.40219.1
Project("{9A19103F-16F7-4668-BE54-9A1E7A4F7556}") = "Calc", "Calc.csproj", "{D0943E16-4804-4C0F-B3E8-CBF412E9C6BD}"
EndProject
Global
	GlobalSection(SolutionConfigurationPlatforms) = preSolution
		Debug|Any CPU = Debug|Any CPU
		Release|Any CPU = Release|Any CPU
	EndGlobalSection
	GlobalSection(ProjectConfigurationPlatforms) = postSolution
		{D0943E16-4804-4C0F-B3E8-CBF412E9C6BD}.Debug|Any CPU.ActiveCfg = Debug|Any CPU
		{D0943E16-4804-4C0F-B3E8-CBF412E9C6BD}.Debug|Any CPU.Build.0 = Debug|Any CPU
		{D0943E16-4804-4C0F-B3E8-CBF412E9C6BD}.Release|Any CPU.ActiveCfg = Release|Any CPU
		{D0943E16-4804-4C0F-B3E8-CBF412E9C6BD}.Release|Any CPU.Build.0 = Release|Any CPU
	EndGlobalSection
	GlobalSection(SolutionProperties) = preSolution
		HideSolutionNode = FALSE
	EndGlobalSection
	GlobalSection(ExtensibilityGlobals) = postSolution
		SolutionGuid = {7FC2496A-DC70-4153-A056-BCA0D454C142}
	EndGlobalSection
EndGlobal
